// !$*UTF8*$!
{
	archiveVersion = 1;
	classes = {
	};
	objectVersion = 55;
	objects = {

/* Begin PBXBuildFile section */
		0E1287E6276C73A9009ECE09 /* AppDelegate.swift in Sources */ = {isa = PBXBuildFile; fileRef = 0E1287E5276C73A9009ECE09 /* AppDelegate.swift */; };
		0E1287E8276C73A9009ECE09 /* SceneDelegate.swift in Sources */ = {isa = PBXBuildFile; fileRef = 0E1287E7276C73A9009ECE09 /* SceneDelegate.swift */; };
		0E1287EA276C73A9009ECE09 /* PhotoGridViewController.swift in Sources */ = {isa = PBXBuildFile; fileRef = 0E1287E9276C73A9009ECE09 /* PhotoGridViewController.swift */; };
		0E1287EF276C73AA009ECE09 /* Assets.xcassets in Resources */ = {isa = PBXBuildFile; fileRef = 0E1287EE276C73AA009ECE09 /* Assets.xcassets */; };
		0E1287F2276C73AA009ECE09 /* LaunchScreen.storyboard in Resources */ = {isa = PBXBuildFile; fileRef = 0E1287F0276C73AA009ECE09 /* LaunchScreen.storyboard */; };
		0E1287FA276C8565009ECE09 /* PhotoGridCollectionViewCell.swift in Sources */ = {isa = PBXBuildFile; fileRef = 0E1287F9276C8565009ECE09 /* PhotoGridCollectionViewCell.swift */; };
		0E128800276F001D009ECE09 /* ApiKey.swift in Sources */ = {isa = PBXBuildFile; fileRef = 0E1287FF276F001D009ECE09 /* ApiKey.swift */; };
		0E12880927708D8B009ECE09 /* PhotoDetailViewController.swift in Sources */ = {isa = PBXBuildFile; fileRef = 0E12880827708D8B009ECE09 /* PhotoDetailViewController.swift */; };
		0E361AF9277DEB39005A9CF7 /* RandomPhotosDataSource.json in Resources */ = {isa = PBXBuildFile; fileRef = 0E361AF8277DEB39005A9CF7 /* RandomPhotosDataSource.json */; };
		0E361AFC277DEF43005A9CF7 /* DogPhotosDataSource.json in Resources */ = {isa = PBXBuildFile; fileRef = 0E361AFB277DEF43005A9CF7 /* DogPhotosDataSource.json */; };
		0E361AFE277DF1C6005A9CF7 /* FakeAPIService.swift in Sources */ = {isa = PBXBuildFile; fileRef = 0E361AFD277DF1C6005A9CF7 /* FakeAPIService.swift */; };
		0E361B00277DF1D9005A9CF7 /* APIServiceProtocol.swift in Sources */ = {isa = PBXBuildFile; fileRef = 0E361AFF277DF1D9005A9CF7 /* APIServiceProtocol.swift */; };
		0E7BFB82277178A9002AA62D /* APIService.swift in Sources */ = {isa = PBXBuildFile; fileRef = 0E7BFB81277178A9002AA62D /* APIService.swift */; };
		0E7BFB8427718EF7002AA62D /* NetworkError.swift in Sources */ = {isa = PBXBuildFile; fileRef = 0E7BFB8327718EF7002AA62D /* NetworkError.swift */; };
		0EE758C4277F319600E56903 /* PhotoGridViewModel.swift in Sources */ = {isa = PBXBuildFile; fileRef = 0EE758C3277F319600E56903 /* PhotoGridViewModel.swift */; };
		0EEFC556277DD90600FC2117 /* PhotoResult.swift in Sources */ = {isa = PBXBuildFile; fileRef = 0EEFC555277DD90600FC2117 /* PhotoResult.swift */; };
		0EEFC55B277DE9FF00FC2117 /* ModelData.swift in Sources */ = {isa = PBXBuildFile; fileRef = 0EEFC55A277DE9FF00FC2117 /* ModelData.swift */; };
		B2F039231752140319220A94 /* Pods_PhotoWall.framework in Frameworks */ = {isa = PBXBuildFile; fileRef = ACE7AB23AC2CA7C437890D3C /* Pods_PhotoWall.framework */; };
/* End PBXBuildFile section */

/* Begin PBXFileReference section */
		0E1287E2276C73A9009ECE09 /* PhotoWall.app */ = {isa = PBXFileReference; explicitFileType = wrapper.application; includeInIndex = 0; path = PhotoWall.app; sourceTree = BUILT_PRODUCTS_DIR; };
		0E1287E5276C73A9009ECE09 /* AppDelegate.swift */ = {isa = PBXFileReference; lastKnownFileType = sourcecode.swift; path = AppDelegate.swift; sourceTree = "<group>"; };
		0E1287E7276C73A9009ECE09 /* SceneDelegate.swift */ = {isa = PBXFileReference; lastKnownFileType = sourcecode.swift; path = SceneDelegate.swift; sourceTree = "<group>"; };
		0E1287E9276C73A9009ECE09 /* PhotoGridViewController.swift */ = {isa = PBXFileReference; lastKnownFileType = sourcecode.swift; path = PhotoGridViewController.swift; sourceTree = "<group>"; };
		0E1287EE276C73AA009ECE09 /* Assets.xcassets */ = {isa = PBXFileReference; lastKnownFileType = folder.assetcatalog; path = Assets.xcassets; sourceTree = "<group>"; };
		0E1287F1276C73AA009ECE09 /* Base */ = {isa = PBXFileReference; lastKnownFileType = file.storyboard; name = Base; path = Base.lproj/LaunchScreen.storyboard; sourceTree = "<group>"; };
		0E1287F3276C73AA009ECE09 /* Info.plist */ = {isa = PBXFileReference; lastKnownFileType = text.plist.xml; path = Info.plist; sourceTree = "<group>"; };
		0E1287F9276C8565009ECE09 /* PhotoGridCollectionViewCell.swift */ = {isa = PBXFileReference; lastKnownFileType = sourcecode.swift; path = PhotoGridCollectionViewCell.swift; sourceTree = "<group>"; };
		0E1287FF276F001D009ECE09 /* ApiKey.swift */ = {isa = PBXFileReference; lastKnownFileType = sourcecode.swift; path = ApiKey.swift; sourceTree = "<group>"; };
		0E12880827708D8B009ECE09 /* PhotoDetailViewController.swift */ = {isa = PBXFileReference; lastKnownFileType = sourcecode.swift; path = PhotoDetailViewController.swift; sourceTree = "<group>"; };
		0E361AF8277DEB39005A9CF7 /* RandomPhotosDataSource.json */ = {isa = PBXFileReference; fileEncoding = 4; lastKnownFileType = text.json; path = RandomPhotosDataSource.json; sourceTree = "<group>"; };
		0E361AFB277DEF43005A9CF7 /* DogPhotosDataSource.json */ = {isa = PBXFileReference; fileEncoding = 4; lastKnownFileType = text.json; path = DogPhotosDataSource.json; sourceTree = "<group>"; };
		0E361AFD277DF1C6005A9CF7 /* FakeAPIService.swift */ = {isa = PBXFileReference; lastKnownFileType = sourcecode.swift; path = FakeAPIService.swift; sourceTree = "<group>"; };
		0E361AFF277DF1D9005A9CF7 /* APIServiceProtocol.swift */ = {isa = PBXFileReference; lastKnownFileType = sourcecode.swift; path = APIServiceProtocol.swift; sourceTree = "<group>"; };
		0E7BFB81277178A9002AA62D /* APIService.swift */ = {isa = PBXFileReference; lastKnownFileType = sourcecode.swift; path = APIService.swift; sourceTree = "<group>"; };
		0E7BFB8327718EF7002AA62D /* NetworkError.swift */ = {isa = PBXFileReference; lastKnownFileType = sourcecode.swift; path = NetworkError.swift; sourceTree = "<group>"; };
		0EE758C3277F319600E56903 /* PhotoGridViewModel.swift */ = {isa = PBXFileReference; lastKnownFileType = sourcecode.swift; path = PhotoGridViewModel.swift; sourceTree = "<group>"; };
		0EEFC555277DD90600FC2117 /* PhotoResult.swift */ = {isa = PBXFileReference; fileEncoding = 4; lastKnownFileType = sourcecode.swift; path = PhotoResult.swift; sourceTree = "<group>"; };
		0EEFC55A277DE9FF00FC2117 /* ModelData.swift */ = {isa = PBXFileReference; fileEncoding = 4; lastKnownFileType = sourcecode.swift; path = ModelData.swift; sourceTree = "<group>"; };
		2FA2ADB7E99A68A6CEDA9B1F /* Pods-PhotoWall.release.xcconfig */ = {isa = PBXFileReference; includeInIndex = 1; lastKnownFileType = text.xcconfig; name = "Pods-PhotoWall.release.xcconfig"; path = "Target Support Files/Pods-PhotoWall/Pods-PhotoWall.release.xcconfig"; sourceTree = "<group>"; };
		ACE7AB23AC2CA7C437890D3C /* Pods_PhotoWall.framework */ = {isa = PBXFileReference; explicitFileType = wrapper.framework; includeInIndex = 0; path = Pods_PhotoWall.framework; sourceTree = BUILT_PRODUCTS_DIR; };
		F147F83A66360D5593B2B144 /* Pods-PhotoWall.debug.xcconfig */ = {isa = PBXFileReference; includeInIndex = 1; lastKnownFileType = text.xcconfig; name = "Pods-PhotoWall.debug.xcconfig"; path = "Target Support Files/Pods-PhotoWall/Pods-PhotoWall.debug.xcconfig"; sourceTree = "<group>"; };
/* End PBXFileReference section */

/* Begin PBXFrameworksBuildPhase section */
		0E1287DF276C73A9009ECE09 /* Frameworks */ = {
			isa = PBXFrameworksBuildPhase;
			buildActionMask = 2147483647;
			files = (
				B2F039231752140319220A94 /* Pods_PhotoWall.framework in Frameworks */,
			);
			runOnlyForDeploymentPostprocessing = 0;
		};
/* End PBXFrameworksBuildPhase section */

/* Begin PBXGroup section */
		0E1287D9276C73A9009ECE09 = {
			isa = PBXGroup;
			children = (
				0E1287E4276C73A9009ECE09 /* PhotoWall */,
				0E1287E3276C73A9009ECE09 /* Products */,
				6F577B352CBA94765111374F /* Pods */,
				E56E0EFAEFF2A1AB15604E84 /* Frameworks */,
			);
			sourceTree = "<group>";
		};
		0E1287E3276C73A9009ECE09 /* Products */ = {
			isa = PBXGroup;
			children = (
				0E1287E2276C73A9009ECE09 /* PhotoWall.app */,
			);
			name = Products;
			sourceTree = "<group>";
		};
		0E1287E4276C73A9009ECE09 /* PhotoWall */ = {
			isa = PBXGroup;
			children = (
				0E12880A2770AF0F009ECE09 /* Features */,
				0E1288052770729A009ECE09 /* Infrastructure */,
				0E12880627707306009ECE09 /* Resources */,
				0E1287FF276F001D009ECE09 /* ApiKey.swift */,
			);
			path = PhotoWall;
			sourceTree = "<group>";
		};
		0E12880227707234009ECE09 /* PhotoGrid */ = {
			isa = PBXGroup;
			children = (
				0EE758C5277F31BF00E56903 /* PhotoGrid */,
				0EEFC554277DD8F400FC2117 /* Model */,
				0E1287F9276C8565009ECE09 /* PhotoGridCollectionViewCell.swift */,
			);
			path = PhotoGrid;
			sourceTree = "<group>";
		};
		0E1288052770729A009ECE09 /* Infrastructure */ = {
			isa = PBXGroup;
			children = (
				0EEFC557277DDC3600FC2117 /* DataSource */,
				0E12880B2770AF3D009ECE09 /* Networking */,
				0E1287E5276C73A9009ECE09 /* AppDelegate.swift */,
				0E1287E7276C73A9009ECE09 /* SceneDelegate.swift */,
			);
			path = Infrastructure;
			sourceTree = "<group>";
		};
		0E12880627707306009ECE09 /* Resources */ = {
			isa = PBXGroup;
			children = (
				0E361AFB277DEF43005A9CF7 /* DogPhotosDataSource.json */,
				0E361AF8277DEB39005A9CF7 /* RandomPhotosDataSource.json */,
				0E1287F0276C73AA009ECE09 /* LaunchScreen.storyboard */,
				0E1287F3276C73AA009ECE09 /* Info.plist */,
				0E1287EE276C73AA009ECE09 /* Assets.xcassets */,
			);
			path = Resources;
			sourceTree = "<group>";
		};
		0E12880A2770AF0F009ECE09 /* Features */ = {
			isa = PBXGroup;
			children = (
				0E12880C2770B003009ECE09 /* PhotoDetail */,
				0E12880227707234009ECE09 /* PhotoGrid */,
			);
			path = Features;
			sourceTree = "<group>";
		};
		0E12880B2770AF3D009ECE09 /* Networking */ = {
			isa = PBXGroup;
			children = (
				0E7BFB81277178A9002AA62D /* APIService.swift */,
				0E7BFB8327718EF7002AA62D /* NetworkError.swift */,
				0E361AFD277DF1C6005A9CF7 /* FakeAPIService.swift */,
				0E361AFF277DF1D9005A9CF7 /* APIServiceProtocol.swift */,
			);
			path = Networking;
			sourceTree = "<group>";
		};
		0E12880C2770B003009ECE09 /* PhotoDetail */ = {
			isa = PBXGroup;
			children = (
				0E12880827708D8B009ECE09 /* PhotoDetailViewController.swift */,
			);
			path = PhotoDetail;
			sourceTree = "<group>";
		};
		0EE758C5277F31BF00E56903 /* PhotoGrid */ = {
			isa = PBXGroup;
			children = (
				0EE758C3277F319600E56903 /* PhotoGridViewModel.swift */,
				0E1287E9276C73A9009ECE09 /* PhotoGridViewController.swift */,
			);
			path = PhotoGrid;
			sourceTree = "<group>";
		};
		0EEFC554277DD8F400FC2117 /* Model */ = {
			isa = PBXGroup;
			children = (
				0EEFC555277DD90600FC2117 /* PhotoResult.swift */,
			);
			path = Model;
			sourceTree = "<group>";
		};
		0EEFC557277DDC3600FC2117 /* DataSource */ = {
			isa = PBXGroup;
			children = (
				0EEFC55A277DE9FF00FC2117 /* ModelData.swift */,
			);
			path = DataSource;
			sourceTree = "<group>";
		};
		6F577B352CBA94765111374F /* Pods */ = {
			isa = PBXGroup;
			children = (
				F147F83A66360D5593B2B144 /* Pods-PhotoWall.debug.xcconfig */,
				2FA2ADB7E99A68A6CEDA9B1F /* Pods-PhotoWall.release.xcconfig */,
			);
			path = Pods;
			sourceTree = "<group>";
		};
		E56E0EFAEFF2A1AB15604E84 /* Frameworks */ = {
			isa = PBXGroup;
			children = (
				ACE7AB23AC2CA7C437890D3C /* Pods_PhotoWall.framework */,
			);
			name = Frameworks;
			sourceTree = "<group>";
		};
/* End PBXGroup section */

/* Begin PBXNativeTarget section */
		0E1287E1276C73A9009ECE09 /* PhotoWall */ = {
			isa = PBXNativeTarget;
			buildConfigurationList = 0E1287F6276C73AA009ECE09 /* Build configuration list for PBXNativeTarget "PhotoWall" */;
			buildPhases = (
				F010DB96BA5BD6F1DA7BBA7C /* [CP] Check Pods Manifest.lock */,
				0E1287DE276C73A9009ECE09 /* Sources */,
				0E1287DF276C73A9009ECE09 /* Frameworks */,
				0E1287E0276C73A9009ECE09 /* Resources */,
				3639D647813413C6D7B0C917 /* [CP] Embed Pods Frameworks */,
			);
			buildRules = (
			);
			dependencies = (
			);
			name = PhotoWall;
			productName = PhotoWall;
			productReference = 0E1287E2276C73A9009ECE09 /* PhotoWall.app */;
			productType = "com.apple.product-type.application";
		};
/* End PBXNativeTarget section */

/* Begin PBXProject section */
		0E1287DA276C73A9009ECE09 /* Project object */ = {
			isa = PBXProject;
			attributes = {
				BuildIndependentTargetsInParallel = 1;
				LastSwiftUpdateCheck = 1300;
				LastUpgradeCheck = 1300;
				TargetAttributes = {
					0E1287E1276C73A9009ECE09 = {
						CreatedOnToolsVersion = 13.0;
					};
				};
			};
			buildConfigurationList = 0E1287DD276C73A9009ECE09 /* Build configuration list for PBXProject "PhotoWall" */;
			compatibilityVersion = "Xcode 13.0";
			developmentRegion = en;
			hasScannedForEncodings = 0;
			knownRegions = (
				en,
				Base,
			);
			mainGroup = 0E1287D9276C73A9009ECE09;
			productRefGroup = 0E1287E3276C73A9009ECE09 /* Products */;
			projectDirPath = "";
			projectRoot = "";
			targets = (
				0E1287E1276C73A9009ECE09 /* PhotoWall */,
			);
		};
/* End PBXProject section */

/* Begin PBXResourcesBuildPhase section */
		0E1287E0276C73A9009ECE09 /* Resources */ = {
			isa = PBXResourcesBuildPhase;
			buildActionMask = 2147483647;
			files = (
				0E1287F2276C73AA009ECE09 /* LaunchScreen.storyboard in Resources */,
				0E1287EF276C73AA009ECE09 /* Assets.xcassets in Resources */,
				0E361AFC277DEF43005A9CF7 /* DogPhotosDataSource.json in Resources */,
				0E361AF9277DEB39005A9CF7 /* RandomPhotosDataSource.json in Resources */,
			);
			runOnlyForDeploymentPostprocessing = 0;
		};
/* End PBXResourcesBuildPhase section */

/* Begin PBXShellScriptBuildPhase section */
		3639D647813413C6D7B0C917 /* [CP] Embed Pods Frameworks */ = {
			isa = PBXShellScriptBuildPhase;
			buildActionMask = 2147483647;
			files = (
			);
			inputFileListPaths = (
				"${PODS_ROOT}/Target Support Files/Pods-PhotoWall/Pods-PhotoWall-frameworks-${CONFIGURATION}-input-files.xcfilelist",
			);
			name = "[CP] Embed Pods Frameworks";
			outputFileListPaths = (
				"${PODS_ROOT}/Target Support Files/Pods-PhotoWall/Pods-PhotoWall-frameworks-${CONFIGURATION}-output-files.xcfilelist",
			);
			runOnlyForDeploymentPostprocessing = 0;
			shellPath = /bin/sh;
			shellScript = "\"${PODS_ROOT}/Target Support Files/Pods-PhotoWall/Pods-PhotoWall-frameworks.sh\"\n";
			showEnvVarsInLog = 0;
		};
		F010DB96BA5BD6F1DA7BBA7C /* [CP] Check Pods Manifest.lock */ = {
			isa = PBXShellScriptBuildPhase;
			buildActionMask = 2147483647;
			files = (
			);
			inputFileListPaths = (
			);
			inputPaths = (
				"${PODS_PODFILE_DIR_PATH}/Podfile.lock",
				"${PODS_ROOT}/Manifest.lock",
			);
			name = "[CP] Check Pods Manifest.lock";
			outputFileListPaths = (
			);
			outputPaths = (
				"$(DERIVED_FILE_DIR)/Pods-PhotoWall-checkManifestLockResult.txt",
			);
			runOnlyForDeploymentPostprocessing = 0;
			shellPath = /bin/sh;
			shellScript = "diff \"${PODS_PODFILE_DIR_PATH}/Podfile.lock\" \"${PODS_ROOT}/Manifest.lock\" > /dev/null\nif [ $? != 0 ] ; then\n    # print error to STDERR\n    echo \"error: The sandbox is not in sync with the Podfile.lock. Run 'pod install' or update your CocoaPods installation.\" >&2\n    exit 1\nfi\n# This output is used by Xcode 'outputs' to avoid re-running this script phase.\necho \"SUCCESS\" > \"${SCRIPT_OUTPUT_FILE_0}\"\n";
			showEnvVarsInLog = 0;
		};
/* End PBXShellScriptBuildPhase section */

/* Begin PBXSourcesBuildPhase section */
		0E1287DE276C73A9009ECE09 /* Sources */ = {
			isa = PBXSourcesBuildPhase;
			buildActionMask = 2147483647;
			files = (
				0E361B00277DF1D9005A9CF7 /* APIServiceProtocol.swift in Sources */,
				0EEFC556277DD90600FC2117 /* PhotoResult.swift in Sources */,
				0E1287EA276C73A9009ECE09 /* PhotoGridViewController.swift in Sources */,
				0E1287FA276C8565009ECE09 /* PhotoGridCollectionViewCell.swift in Sources */,
				0EEFC55B277DE9FF00FC2117 /* ModelData.swift in Sources */,
				0EE758C4277F319600E56903 /* PhotoGridViewModel.swift in Sources */,
				0E128800276F001D009ECE09 /* ApiKey.swift in Sources */,
				0E361AFE277DF1C6005A9CF7 /* FakeAPIService.swift in Sources */,
				0E1287E6276C73A9009ECE09 /* AppDelegate.swift in Sources */,
				0E1287E8276C73A9009ECE09 /* SceneDelegate.swift in Sources */,
				0E7BFB82277178A9002AA62D /* APIService.swift in Sources */,
				0E12880927708D8B009ECE09 /* PhotoDetailViewController.swift in Sources */,
				0E7BFB8427718EF7002AA62D /* NetworkError.swift in Sources */,
			);
			runOnlyForDeploymentPostprocessing = 0;
		};
/* End PBXSourcesBuildPhase section */

/* Begin PBXVariantGroup section */
		0E1287F0276C73AA009ECE09 /* LaunchScreen.storyboard */ = {
			isa = PBXVariantGroup;
			children = (
				0E1287F1276C73AA009ECE09 /* Base */,
			);
			name = LaunchScreen.storyboard;
			sourceTree = "<group>";
		};
/* End PBXVariantGroup section */

/* Begin XCBuildConfiguration section */
		0E1287F4276C73AA009ECE09 /* Debug */ = {
			isa = XCBuildConfiguration;
			buildSettings = {
				ALWAYS_SEARCH_USER_PATHS = NO;
				CLANG_ANALYZER_NONNULL = YES;
				CLANG_ANALYZER_NUMBER_OBJECT_CONVERSION = YES_AGGRESSIVE;
				CLANG_CXX_LANGUAGE_STANDARD = "gnu++17";
				CLANG_CXX_LIBRARY = "libc++";
				CLANG_ENABLE_MODULES = YES;
				CLANG_ENABLE_OBJC_ARC = YES;
				CLANG_ENABLE_OBJC_WEAK = YES;
				CLANG_WARN_BLOCK_CAPTURE_AUTORELEASING = YES;
				CLANG_WARN_BOOL_CONVERSION = YES;
				CLANG_WARN_COMMA = YES;
				CLANG_WARN_CONSTANT_CONVERSION = YES;
				CLANG_WARN_DEPRECATED_OBJC_IMPLEMENTATIONS = YES;
				CLANG_WARN_DIRECT_OBJC_ISA_USAGE = YES_ERROR;
				CLANG_WARN_DOCUMENTATION_COMMENTS = YES;
				CLANG_WARN_EMPTY_BODY = YES;
				CLANG_WARN_ENUM_CONVERSION = YES;
				CLANG_WARN_INFINITE_RECURSION = YES;
				CLANG_WARN_INT_CONVERSION = YES;
				CLANG_WARN_NON_LITERAL_NULL_CONVERSION = YES;
				CLANG_WARN_OBJC_IMPLICIT_RETAIN_SELF = YES;
				CLANG_WARN_OBJC_LITERAL_CONVERSION = YES;
				CLANG_WARN_OBJC_ROOT_CLASS = YES_ERROR;
				CLANG_WARN_QUOTED_INCLUDE_IN_FRAMEWORK_HEADER = YES;
				CLANG_WARN_RANGE_LOOP_ANALYSIS = YES;
				CLANG_WARN_STRICT_PROTOTYPES = YES;
				CLANG_WARN_SUSPICIOUS_MOVE = YES;
				CLANG_WARN_UNGUARDED_AVAILABILITY = YES_AGGRESSIVE;
				CLANG_WARN_UNREACHABLE_CODE = YES;
				CLANG_WARN__DUPLICATE_METHOD_MATCH = YES;
				COPY_PHASE_STRIP = NO;
				DEBUG_INFORMATION_FORMAT = dwarf;
				ENABLE_STRICT_OBJC_MSGSEND = YES;
				ENABLE_TESTABILITY = YES;
				GCC_C_LANGUAGE_STANDARD = gnu11;
				GCC_DYNAMIC_NO_PIC = NO;
				GCC_NO_COMMON_BLOCKS = YES;
				GCC_OPTIMIZATION_LEVEL = 0;
				GCC_PREPROCESSOR_DEFINITIONS = (
					"DEBUG=1",
					"$(inherited)",
				);
				GCC_WARN_64_TO_32_BIT_CONVERSION = YES;
				GCC_WARN_ABOUT_RETURN_TYPE = YES_ERROR;
				GCC_WARN_UNDECLARED_SELECTOR = YES;
				GCC_WARN_UNINITIALIZED_AUTOS = YES_AGGRESSIVE;
				GCC_WARN_UNUSED_FUNCTION = YES;
				GCC_WARN_UNUSED_VARIABLE = YES;
				IPHONEOS_DEPLOYMENT_TARGET = 15.0;
				MTL_ENABLE_DEBUG_INFO = INCLUDE_SOURCE;
				MTL_FAST_MATH = YES;
				ONLY_ACTIVE_ARCH = YES;
				SDKROOT = iphoneos;
				SWIFT_ACTIVE_COMPILATION_CONDITIONS = DEBUG;
				SWIFT_OPTIMIZATION_LEVEL = "-Onone";
			};
			name = Debug;
		};
		0E1287F5276C73AA009ECE09 /* Release */ = {
			isa = XCBuildConfiguration;
			buildSettings = {
				ALWAYS_SEARCH_USER_PATHS = NO;
				CLANG_ANALYZER_NONNULL = YES;
				CLANG_ANALYZER_NUMBER_OBJECT_CONVERSION = YES_AGGRESSIVE;
				CLANG_CXX_LANGUAGE_STANDARD = "gnu++17";
				CLANG_CXX_LIBRARY = "libc++";
				CLANG_ENABLE_MODULES = YES;
				CLANG_ENABLE_OBJC_ARC = YES;
				CLANG_ENABLE_OBJC_WEAK = YES;
				CLANG_WARN_BLOCK_CAPTURE_AUTORELEASING = YES;
				CLANG_WARN_BOOL_CONVERSION = YES;
				CLANG_WARN_COMMA = YES;
				CLANG_WARN_CONSTANT_CONVERSION = YES;
				CLANG_WARN_DEPRECATED_OBJC_IMPLEMENTATIONS = YES;
				CLANG_WARN_DIRECT_OBJC_ISA_USAGE = YES_ERROR;
				CLANG_WARN_DOCUMENTATION_COMMENTS = YES;
				CLANG_WARN_EMPTY_BODY = YES;
				CLANG_WARN_ENUM_CONVERSION = YES;
				CLANG_WARN_INFINITE_RECURSION = YES;
				CLANG_WARN_INT_CONVERSION = YES;
				CLANG_WARN_NON_LITERAL_NULL_CONVERSION = YES;
				CLANG_WARN_OBJC_IMPLICIT_RETAIN_SELF = YES;
				CLANG_WARN_OBJC_LITERAL_CONVERSION = YES;
				CLANG_WARN_OBJC_ROOT_CLASS = YES_ERROR;
				CLANG_WARN_QUOTED_INCLUDE_IN_FRAMEWORK_HEADER = YES;
				CLANG_WARN_RANGE_LOOP_ANALYSIS = YES;
				CLANG_WARN_STRICT_PROTOTYPES = YES;
				CLANG_WARN_SUSPICIOUS_MOVE = YES;
				CLANG_WARN_UNGUARDED_AVAILABILITY = YES_AGGRESSIVE;
				CLANG_WARN_UNREACHABLE_CODE = YES;
				CLANG_WARN__DUPLICATE_METHOD_MATCH = YES;
				COPY_PHASE_STRIP = NO;
				DEBUG_INFORMATION_FORMAT = "dwarf-with-dsym";
				ENABLE_NS_ASSERTIONS = NO;
				ENABLE_STRICT_OBJC_MSGSEND = YES;
				GCC_C_LANGUAGE_STANDARD = gnu11;
				GCC_NO_COMMON_BLOCKS = YES;
				GCC_WARN_64_TO_32_BIT_CONVERSION = YES;
				GCC_WARN_ABOUT_RETURN_TYPE = YES_ERROR;
				GCC_WARN_UNDECLARED_SELECTOR = YES;
				GCC_WARN_UNINITIALIZED_AUTOS = YES_AGGRESSIVE;
				GCC_WARN_UNUSED_FUNCTION = YES;
				GCC_WARN_UNUSED_VARIABLE = YES;
				IPHONEOS_DEPLOYMENT_TARGET = 15.0;
				MTL_ENABLE_DEBUG_INFO = NO;
				MTL_FAST_MATH = YES;
				SDKROOT = iphoneos;
				SWIFT_COMPILATION_MODE = wholemodule;
				SWIFT_OPTIMIZATION_LEVEL = "-O";
				VALIDATE_PRODUCT = YES;
			};
			name = Release;
		};
		0E1287F7276C73AA009ECE09 /* Debug */ = {
			isa = XCBuildConfiguration;
			baseConfigurationReference = F147F83A66360D5593B2B144 /* Pods-PhotoWall.debug.xcconfig */;
			buildSettings = {
				ASSETCATALOG_COMPILER_APPICON_NAME = AppIcon;
				ASSETCATALOG_COMPILER_GLOBAL_ACCENT_COLOR_NAME = AccentColor;
				CODE_SIGN_STYLE = Automatic;
				CURRENT_PROJECT_VERSION = 1;
				DEVELOPMENT_TEAM = B92JLVTB27;
				GENERATE_INFOPLIST_FILE = YES;
				INFOPLIST_FILE = PhotoWall/Resources/Info.plist;
				INFOPLIST_KEY_UIApplicationSupportsIndirectInputEvents = YES;
				INFOPLIST_KEY_UILaunchStoryboardName = LaunchScreen;
				INFOPLIST_KEY_UISupportedInterfaceOrientations_iPad = "UIInterfaceOrientationPortrait UIInterfaceOrientationPortraitUpsideDown UIInterfaceOrientationLandscapeLeft UIInterfaceOrientationLandscapeRight";
				INFOPLIST_KEY_UISupportedInterfaceOrientations_iPhone = "UIInterfaceOrientationPortrait UIInterfaceOrientationLandscapeLeft UIInterfaceOrientationLandscapeRight";
				INFOPLIST_KEY_UIUserInterfaceStyle = Light;
				LD_RUNPATH_SEARCH_PATHS = (
					"$(inherited)",
					"@executable_path/Frameworks",
				);
				MARKETING_VERSION = 1.0;
				PRODUCT_BUNDLE_IDENTIFIER = com.grace.PhotoWall;
				PRODUCT_NAME = "$(TARGET_NAME)";
				SWIFT_EMIT_LOC_STRINGS = YES;
				SWIFT_VERSION = 5.0;
				TARGETED_DEVICE_FAMILY = "1,2";
			};
			name = Debug;
		};
		0E1287F8276C73AA009ECE09 /* Release */ = {
			isa = XCBuildConfiguration;
			baseConfigurationReference = 2FA2ADB7E99A68A6CEDA9B1F /* Pods-PhotoWall.release.xcconfig */;
			buildSettings = {
				ASSETCATALOG_COMPILER_APPICON_NAME = AppIcon;
				ASSETCATALOG_COMPILER_GLOBAL_ACCENT_COLOR_NAME = AccentColor;
				CODE_SIGN_STYLE = Automatic;
				CURRENT_PROJECT_VERSION = 1;
				DEVELOPMENT_TEAM = B92JLVTB27;
				GENERATE_INFOPLIST_FILE = YES;
				INFOPLIST_FILE = PhotoWall/Resources/Info.plist;
				INFOPLIST_KEY_UIApplicationSupportsIndirectInputEvents = YES;
				INFOPLIST_KEY_UILaunchStoryboardName = LaunchScreen;
				INFOPLIST_KEY_UISupportedInterfaceOrientations_iPad = "UIInterfaceOrientationPortrait UIInterfaceOrientationPortraitUpsideDown UIInterfaceOrientationLandscapeLeft UIInterfaceOrientationLandscapeRight";
				INFOPLIST_KEY_UISupportedInterfaceOrientations_iPhone = "UIInterfaceOrientationPortrait UIInterfaceOrientationLandscapeLeft UIInterfaceOrientationLandscapeRight";
				INFOPLIST_KEY_UIUserInterfaceStyle = Light;
				LD_RUNPATH_SEARCH_PATHS = (
					"$(inherited)",
					"@executable_path/Frameworks",
				);
				MARKETING_VERSION = 1.0;
				PRODUCT_BUNDLE_IDENTIFIER = com.grace.PhotoWall;
				PRODUCT_NAME = "$(TARGET_NAME)";
				SWIFT_EMIT_LOC_STRINGS = YES;
				SWIFT_VERSION = 5.0;
				TARGETED_DEVICE_FAMILY = "1,2";
			};
			name = Release;
		};
/* End XCBuildConfiguration section */

/* Begin XCConfigurationList section */
		0E1287DD276C73A9009ECE09 /* Build configuration list for PBXProject "PhotoWall" */ = {
			isa = XCConfigurationList;
			buildConfigurations = (
				0E1287F4276C73AA009ECE09 /* Debug */,
				0E1287F5276C73AA009ECE09 /* Release */,
			);
			defaultConfigurationIsVisible = 0;
			defaultConfigurationName = Release;
		};
		0E1287F6276C73AA009ECE09 /* Build configuration list for PBXNativeTarget "PhotoWall" */ = {
			isa = XCConfigurationList;
			buildConfigurations = (
				0E1287F7276C73AA009ECE09 /* Debug */,
				0E1287F8276C73AA009ECE09 /* Release */,
			);
			defaultConfigurationIsVisible = 0;
			defaultConfigurationName = Release;
		};
/* End XCConfigurationList section */
	};
	rootObject = 0E1287DA276C73A9009ECE09 /* Project object */;
}
